
Microsoft Visual Studio Solution File, Format Version 12.00
# Visual Studio 15
VisualStudioVersion = 15.0.28010.2048
MinimumVisualStudioVersion = 10.0.40219.1
Project("{FAE04EC0-301F-11D3-BF4B-00C04F79EFBC}") = "UsingMVCEntityScaffold", "UsingMVCEntityScaffold\UsingMVCEntityScaffold.csproj", "{215843DD-3447-4ED8-AAE3-FD8C4AD5CF8C}"
EndProject
Global
	GlobalSection(SolutionConfigurationPlatforms) = preSolution
		Debug|Any CPU = Debug|Any CPU
		Release|Any CPU = Release|Any CPU
	EndGlobalSection
	GlobalSection(ProjectConfigurationPlatforms) = postSolution
		{215843DD-3447-4ED8-AAE3-FD8C4AD5CF8C}.Debug|Any CPU.ActiveCfg = Debug|Any CPU
		{215843DD-3447-4ED8-AAE3-FD8C4AD5CF8C}.Debug|Any CPU.Build.0 = Debug|Any CPU
		{215843DD-3447-4ED8-AAE3-FD8C4AD5CF8C}.Release|Any CPU.ActiveCfg = Release|Any CPU
		{215843DD-3447-4ED8-AAE3-FD8C4AD5CF8C}.Release|Any CPU.Build.0 = Release|Any CPU
	EndGlobalSection
	GlobalSection(SolutionProperties) = preSolution
		HideSolutionNode = FALSE
	EndGlobalSection
	GlobalSection(ExtensibilityGlobals) = postSolution
		SolutionGuid = {2D63199A-D936-4812-AE4A-356B16087AF8}
	EndGlobalSection
EndGlobal
