
Microsoft Visual Studio Solution File, Format Version 12.00
# Visual Studio 15
VisualStudioVersion = 15.0.28010.2048
MinimumVisualStudioVersion = 10.0.40219.1
Project("{FAE04EC0-301F-11D3-BF4B-00C04F79EFBC}") = "WebAccess2RDS", "WebAccess2RDS\WebAccess2RDS.csproj", "{1977AB8A-B9CE-4D01-912A-C53D0102E053}"
EndProject
Global
	GlobalSection(SolutionConfigurationPlatforms) = preSolution
		Debug|Any CPU = Debug|Any CPU
		Release|Any CPU = Release|Any CPU
	EndGlobalSection
	GlobalSection(ProjectConfigurationPlatforms) = postSolution
		{1977AB8A-B9CE-4D01-912A-C53D0102E053}.Debug|Any CPU.ActiveCfg = Debug|Any CPU
		{1977AB8A-B9CE-4D01-912A-C53D0102E053}.Debug|Any CPU.Build.0 = Debug|Any CPU
		{1977AB8A-B9CE-4D01-912A-C53D0102E053}.Release|Any CPU.ActiveCfg = Release|Any CPU
		{1977AB8A-B9CE-4D01-912A-C53D0102E053}.Release|Any CPU.Build.0 = Release|Any CPU
	EndGlobalSection
	GlobalSection(SolutionProperties) = preSolution
		HideSolutionNode = FALSE
	EndGlobalSection
	GlobalSection(ExtensibilityGlobals) = postSolution
		SolutionGuid = {EC91653C-C89B-4A7E-BF0E-620204598772}
	EndGlobalSection
EndGlobal
