
Microsoft Visual Studio Solution File, Format Version 12.00
# Visual Studio 15
VisualStudioVersion = 15.0.28010.2048
MinimumVisualStudioVersion = 10.0.40219.1
Project("{FAE04EC0-301F-11D3-BF4B-00C04F79EFBC}") = "AuthenticationDemo", "AuthenticationDemo\AuthenticationDemo.csproj", "{8772F10B-DA81-4803-97C0-90E6BFAFC3AD}"
EndProject
Global
	GlobalSection(SolutionConfigurationPlatforms) = preSolution
		Debug|Any CPU = Debug|Any CPU
		Release|Any CPU = Release|Any CPU
	EndGlobalSection
	GlobalSection(ProjectConfigurationPlatforms) = postSolution
		{8772F10B-DA81-4803-97C0-90E6BFAFC3AD}.Debug|Any CPU.ActiveCfg = Debug|Any CPU
		{8772F10B-DA81-4803-97C0-90E6BFAFC3AD}.Debug|Any CPU.Build.0 = Debug|Any CPU
		{8772F10B-DA81-4803-97C0-90E6BFAFC3AD}.Release|Any CPU.ActiveCfg = Release|Any CPU
		{8772F10B-DA81-4803-97C0-90E6BFAFC3AD}.Release|Any CPU.Build.0 = Release|Any CPU
	EndGlobalSection
	GlobalSection(SolutionProperties) = preSolution
		HideSolutionNode = FALSE
	EndGlobalSection
	GlobalSection(ExtensibilityGlobals) = postSolution
		SolutionGuid = {B3038933-D4BA-4920-A066-C56C5FA719D9}
	EndGlobalSection
EndGlobal
