
Microsoft Visual Studio Solution File, Format Version 12.00
# Visual Studio 15
VisualStudioVersion = 15.0.27130.2036
MinimumVisualStudioVersion = 10.0.40219.1
Project("{D2ABAB84-BF74-430A-B69E-9DC6D40DDA17}") = "KevinMa_Assignment1_SSAS_Multidimensional", "KevinMa_Assignment1_SSAS_Multidimensional.dwproj", "{661B014C-B437-44C6-8BCF-589622E66ED4}"
EndProject
Global
	GlobalSection(SolutionConfigurationPlatforms) = preSolution
		Development|Default = Development|Default
	EndGlobalSection
	GlobalSection(ProjectConfigurationPlatforms) = postSolution
		{661B014C-B437-44C6-8BCF-589622E66ED4}.Development|Default.ActiveCfg = Development
		{661B014C-B437-44C6-8BCF-589622E66ED4}.Development|Default.Build.0 = Development
		{661B014C-B437-44C6-8BCF-589622E66ED4}.Development|Default.Deploy.0 = Development
	EndGlobalSection
	GlobalSection(SolutionProperties) = preSolution
		HideSolutionNode = FALSE
	EndGlobalSection
	GlobalSection(ExtensibilityGlobals) = postSolution
		SolutionGuid = {64D7854B-D53F-452A-A1C9-F80A8B5661CC}
	EndGlobalSection
EndGlobal
